
Microsoft Visual Studio Solution File, Format Version 12.00
# Visual Studio Version 17
VisualStudioVersion = 17.1.32228.430
MinimumVisualStudioVersion = 10.0.40219.1
Project("{FAE04EC0-301F-11D3-BF4B-00C04F79EFBC}") = "GenericTest", "GenericTest\GenericTest.csproj", "{3B51F5AD-D7C6-4C1D-A7DA-66ADD5D9435F}"
EndProject
Project("{FAE04EC0-301F-11D3-BF4B-00C04F79EFBC}") = "MaximumTest", "MaximumTest\MaximumTest.csproj", "{A6E2A064-4635-48CE-B913-5C25DE6493B0}"
EndProject
Project("{FAE04EC0-301F-11D3-BF4B-00C04F79EFBC}") = "StackTest", "StackTest\StackTest.csproj", "{EB4E2963-3865-4495-956F-3EADC4CEA976}"
EndProject
Global
	GlobalSection(SolutionConfigurationPlatforms) = preSolution
		Debug|Any CPU = Debug|Any CPU
		Release|Any CPU = Release|Any CPU
	EndGlobalSection
	GlobalSection(ProjectConfigurationPlatforms) = postSolution
		{3B51F5AD-D7C6-4C1D-A7DA-66ADD5D9435F}.Debug|Any CPU.ActiveCfg = Debug|Any CPU
		{3B51F5AD-D7C6-4C1D-A7DA-66ADD5D9435F}.Debug|Any CPU.Build.0 = Debug|Any CPU
		{3B51F5AD-D7C6-4C1D-A7DA-66ADD5D9435F}.Release|Any CPU.ActiveCfg = Release|Any CPU
		{3B51F5AD-D7C6-4C1D-A7DA-66ADD5D9435F}.Release|Any CPU.Build.0 = Release|Any CPU
		{A6E2A064-4635-48CE-B913-5C25DE6493B0}.Debug|Any CPU.ActiveCfg = Debug|Any CPU
		{A6E2A064-4635-48CE-B913-5C25DE6493B0}.Debug|Any CPU.Build.0 = Debug|Any CPU
		{A6E2A064-4635-48CE-B913-5C25DE6493B0}.Release|Any CPU.ActiveCfg = Release|Any CPU
		{A6E2A064-4635-48CE-B913-5C25DE6493B0}.Release|Any CPU.Build.0 = Release|Any CPU
		{EB4E2963-3865-4495-956F-3EADC4CEA976}.Debug|Any CPU.ActiveCfg = Debug|Any CPU
		{EB4E2963-3865-4495-956F-3EADC4CEA976}.Debug|Any CPU.Build.0 = Debug|Any CPU
		{EB4E2963-3865-4495-956F-3EADC4CEA976}.Release|Any CPU.ActiveCfg = Release|Any CPU
		{EB4E2963-3865-4495-956F-3EADC4CEA976}.Release|Any CPU.Build.0 = Release|Any CPU
	EndGlobalSection
	GlobalSection(SolutionProperties) = preSolution
		HideSolutionNode = FALSE
	EndGlobalSection
	GlobalSection(ExtensibilityGlobals) = postSolution
		SolutionGuid = {4F6B8773-508C-4EDC-87B6-7F6E62263523}
	EndGlobalSection
EndGlobal
